
Microsoft Visual Studio Solution File, Format Version 12.00
# Visual Studio Version 16
VisualStudioVersion = 16.0.30711.63
MinimumVisualStudioVersion = 10.0.40219.1
Project("{FAE04EC0-301F-11D3-BF4B-00C04F79EFBC}") = "WebsiteTraverser", "WebsiteTraverser\WebsiteTraverser.csproj", "{D4D120E9-12B9-46BF-89C4-9EE83544555E}"
EndProject
Global
	GlobalSection(SolutionConfigurationPlatforms) = preSolution
		Debug|Any CPU = Debug|Any CPU
		Release|Any CPU = Release|Any CPU
	EndGlobalSection
	GlobalSection(ProjectConfigurationPlatforms) = postSolution
		{D4D120E9-12B9-46BF-89C4-9EE83544555E}.Debug|Any CPU.ActiveCfg = Debug|Any CPU
		{D4D120E9-12B9-46BF-89C4-9EE83544555E}.Debug|Any CPU.Build.0 = Debug|Any CPU
		{D4D120E9-12B9-46BF-89C4-9EE83544555E}.Release|Any CPU.ActiveCfg = Release|Any CPU
		{D4D120E9-12B9-46BF-89C4-9EE83544555E}.Release|Any CPU.Build.0 = Release|Any CPU
	EndGlobalSection
	GlobalSection(SolutionProperties) = preSolution
		HideSolutionNode = FALSE
	EndGlobalSection
	GlobalSection(ExtensibilityGlobals) = postSolution
		SolutionGuid = {A4D868AE-3649-4393-86F4-CB41F4B0F9D1}
	EndGlobalSection
EndGlobal
